
Microsoft Visual Studio Solution File, Format Version 12.00
# Visual Studio Version 17
VisualStudioVersion = 17.11.35312.102
MinimumVisualStudioVersion = 10.0.40219.1
Project("{9A19103F-16F7-4668-BE54-9A1E7A4F7556}") = "Project", "Project\Project.csproj", "{83F741AB-CEFF-4510-A86F-810AB7DFC7EE}"
EndProject
Global
	GlobalSection(SolutionConfigurationPlatforms) = preSolution
		Debug|Any CPU = Debug|Any CPU
		Release|Any CPU = Release|Any CPU
	EndGlobalSection
	GlobalSection(ProjectConfigurationPlatforms) = postSolution
		{83F741AB-CEFF-4510-A86F-810AB7DFC7EE}.Debug|Any CPU.ActiveCfg = Debug|Any CPU
		{83F741AB-CEFF-4510-A86F-810AB7DFC7EE}.Debug|Any CPU.Build.0 = Debug|Any CPU
		{83F741AB-CEFF-4510-A86F-810AB7DFC7EE}.Release|Any CPU.ActiveCfg = Release|Any CPU
		{83F741AB-CEFF-4510-A86F-810AB7DFC7EE}.Release|Any CPU.Build.0 = Release|Any CPU
	EndGlobalSection
	GlobalSection(SolutionProperties) = preSolution
		HideSolutionNode = FALSE
	EndGlobalSection
	GlobalSection(ExtensibilityGlobals) = postSolution
		SolutionGuid = {378FE3A6-D287-4947-811E-3070F4D0B3E0}
	EndGlobalSection
EndGlobal
